github.com/StackExchange/wmi v0.0.0-20190523213315-cbe66965904d h1:G0m3OIz70MZUWq3EgK3CesDbo8upS2Vm9/P3FtgI+Jk=
github.com/StackExchange/wmi v0.0.0-20190523213315-cbe66965904d/go.mod h1:3eOhrUMpNV+6aFIbp5/iudMxNCF27Vw2OZgy4xEx0Fg=
github.com/go-ole/go-ole v1.2.4 h1:nNBDSCOigTSiarFpYE9J/KtEA1IOW4CNeqT9TQDqCxI=
github.com/go-ole/go-ole v1.2.4/go.mod h1:XCwSNxSkXRo4vlyPy93sltvi/qJq0jqQhjqQNIwKuxM=
github.com/klauspost/compress v1.10.10 h1:a/y8CglcM7gLGYmlbP/stPE5sR3hbhFRUjCBfd/0B3I=
github.com/klauspost/compress v1.10.10/go.mod h1:aoV0uJVorq1K+umq18yTdKaF57EivdYsUV+/s2qKfXs=
github.com/klauspost/compress v1.10.11 h1:K9z59aO18Aywg2b/WSgBaUX99mHy2BES18Cr5lBKZHk=
github.com/klauspost/compress v1.10.11/go.mod h1:aoV0uJVorq1K+umq18yTdKaF57EivdYsUV+/s2qKfXs=
github.com/miekg/dns v1.1.31 h1:sJFOl9BgwbYAWOGEwr61FU28pqsBNdpRBnhGXtO06Oo=
github.com/miekg/dns v1.1.31/go.mod h1:KNUDUusw/aVsxyTYZM1oqvCicbwhgbNgztCETuNZ7xM=
github.com/qydysky/other v0.0.0-20200813101416-68473b383706 h1:0ypvgKyACj65sQJbHzf4y4ENoMstlInYwlM66Qsgmyo=
github.com/qydysky/other/wt v0.0.0-20200820064955-553e64b06d19 h1:N+w6kSrRSQ++IWfpvfNAXUx0OVV4YJcdVnGuNoWWR+E=
github.com/qydysky/other/wt v0.0.0-20200820064955-553e64b06d19/go.mod h1:DDUsA+PyBzvAHN/D4Su/JZgSysMnwqHRuJdQsKxafMg=
github.com/qydysky/other/wt v0.0.0-20200820065424-0e0c57766930 h1:XpRkJ0xDNc6oSXNGIiSwyLW9QLOsbteDOdp8JTWeVnI=
github.com/qydysky/other/wt v0.0.0-20200820065424-0e0c57766930/go.mod h1:DDUsA+PyBzvAHN/D4Su/JZgSysMnwqHRuJdQsKxafMg=
github.com/qydysky/part v0.0.0-20200816080039-0e0b3a4b1748 h1:I8SRkWmD61P5a1kXrk8BeY6bXOPx8I0n5qqC5tDs9Rc=
github.com/qydysky/part v0.0.0-20200816080039-0e0b3a4b1748/go.mod h1:+8N3UgJBVyJj8ar31eZtucwrKpLpay854Y5qq0xk3x0=
github.com/qydysky/part v0.0.0-20200820064554-6e54580b1fc5 h1:oSnslUU2UFYGscmkNOlTxNSGp5j8TEdInzSqBst/YSA=
github.com/qydysky/part v0.0.0-20200820064554-6e54580b1fc5/go.mod h1:+8N3UgJBVyJj8ar31eZtucwrKpLpay854Y5qq0xk3x0=
github.com/shirou/gopsutil v2.20.7+incompatible h1:Ymv4OD12d6zm+2yONe39VSmp2XooJe8za7ngOLW/o/w=
github.com/shirou/gopsutil v2.20.7+incompatible/go.mod h1:5b4v6he4MtMOwMlS0TUMTu2PcXUg8+E1lC7eC3UO/RA=
github.com/thedevsaddam/gojsonq v2.3.0+incompatible h1:i2lFTvGY4LvoZ2VUzedsFlRiyaWcJm3Uh6cQ9+HyQA8=
github.com/thedevsaddam/gojsonq v2.3.0+incompatible/go.mod h1:RBcQaITThgJAAYKH7FNp2onYodRz8URfsuEGpAch0NA=
github.com/thedevsaddam/gojsonq/v2 v2.5.2 h1:CoMVaYyKFsVj6TjU6APqAhAvC07hTI6IQen8PHzHYY0=
github.com/thedevsaddam/gojsonq/v2 v2.5.2/go.mod h1:bv6Xa7kWy82uT0LnXPE2SzGqTj33TAEeR560MdJkiXs=
golang.org/x/crypto v0.0.0-20190308221718-c2843e01d9a2/go.mod h1:djNgcEr1/C05ACkg1iLfiJU5Ep61QUkGW8qpdssI0+w=
golang.org/x/crypto v0.0.0-20191011191535-87dc89f01550/go.mod h1:yigFU9vqHzYiE8UmvKecakEJjdnWj3jj499lnFckfCI=
golang.org/x/crypto v0.0.0-20200622213623-75b288015ac9/go.mod h1:LzIPMQfyMNhhGPhUkYOs5KpL4U8rLKemX1yGLhDgUto=
golang.org/x/crypto v0.0.0-20200728195943-123391ffb6de h1:ikNHVSjEfnvz6sxdSPCaPt572qowuyMDMJLLm3Db3ig=
golang.org/x/crypto v0.0.0-20200728195943-123391ffb6de/go.mod h1:LzIPMQfyMNhhGPhUkYOs5KpL4U8rLKemX1yGLhDgUto=
golang.org/x/mod v0.1.1-0.20191105210325-c90efee705ee/go.mod h1:QqPTAvyqsEbceGzBzNggFXnrqF1CaUcvgkdR5Ot7KZg=
golang.org/x/net v0.0.0-20190404232315-eb5bcb51f2a3/go.mod h1:t9HGtf8HONx5eT2rtn7q6eTqICYqUVnKs3thJo3Qplg=
golang.org/x/net v0.0.0-20190620200207-3b0461eec859/go.mod h1:z5CRVTTTmAJ677TzLLGU+0bjPO0LkuOLi4/5GtJWs/s=
golang.org/x/net v0.0.0-20190923162816-aa69164e4478/go.mod h1:z5CRVTTTmAJ677TzLLGU+0bjPO0LkuOLi4/5GtJWs/s=
golang.org/x/net v0.0.0-20200707034311-ab3426394381 h1:VXak5I6aEWmAXeQjA+QSZzlgNrpq9mjcfDemuexIKsU=
golang.org/x/net v0.0.0-20200707034311-ab3426394381/go.mod h1:/O7V0waA8r7cgGh81Ro3o1hOxt32SMVPicZroKQ2sZA=
golang.org/x/net v0.0.0-20200813134508-3edf25e44fcc h1:zK/HqS5bZxDptfPJNq8v7vJfXtkU7r9TLIoSr1bXaP4=
golang.org/x/net v0.0.0-20200813134508-3edf25e44fcc/go.mod h1:/O7V0waA8r7cgGh81Ro3o1hOxt32SMVPicZroKQ2sZA=
golang.org/x/sync v0.0.0-20190423024810-112230192c58/go.mod h1:RxMgew5VJxzue5/jJTE5uejpjVlOe/izrB70Jof72aM=
golang.org/x/sys v0.0.0-20190215142949-d0b11bdaac8a/go.mod h1:STP8DvDyc/dI5b8T5hshtkjS+E42TnysNCUPdjciGhY=
golang.org/x/sys v0.0.0-20190412213103-97732733099d/go.mod h1:h1NjWce9XRLGQEsW7wpKNCjG9DtNlClVuFLEZdDNbEs=
golang.org/x/sys v0.0.0-20190924154521-2837fb4f24fe/go.mod h1:h1NjWce9XRLGQEsW7wpKNCjG9DtNlClVuFLEZdDNbEs=
golang.org/x/sys v0.0.0-20200323222414-85ca7c5b95cd/go.mod h1:h1NjWce9XRLGQEsW7wpKNCjG9DtNlClVuFLEZdDNbEs=
golang.org/x/sys v0.0.0-20200810151505-1b9f1253b3ed h1:WBkVNH1zd9jg/dK4HCM4lNANnmd12EHC9z+LmcCG4ns=
golang.org/x/sys v0.0.0-20200810151505-1b9f1253b3ed/go.mod h1:h1NjWce9XRLGQEsW7wpKNCjG9DtNlClVuFLEZdDNbEs=
golang.org/x/sys v0.0.0-20200819171115-d785dc25833f h1:KJuwZVtZBVzDmEDtB2zro9CXkD9O0dpCv4o2LHbQIAw=
golang.org/x/sys v0.0.0-20200819171115-d785dc25833f/go.mod h1:h1NjWce9XRLGQEsW7wpKNCjG9DtNlClVuFLEZdDNbEs=
golang.org/x/text v0.3.0/go.mod h1:NqM8EUOU14njkJ3fqMW+pc6Ldnwhi/IjpwHt7yyuwOQ=
golang.org/x/tools v0.0.0-20191216052735-49a3e744a425/go.mod h1:TB2adYChydJhpapKDTa4BR/hXlZSLoq2Wpct/0txZ28=
golang.org/x/xerrors v0.0.0-20191011141410-1b5146add898/go.mod h1:I/5z698sn9Ka8TeJc9MKroUUfqBBauWjQqLJ2OPfmY0=
